
Microsoft Visual Studio Solution File, Format Version 12.00
# Visual Studio 2012
Project("{FAE04EC0-301F-11D3-BF4B-00C04F79EFBC}") = "Collaboration_LLS", "Collaboration_LLS\Collaboration_LLS.csproj", "{CE57797F-92F4-4A74-93B8-ED4989D42443}"
EndProject
Global
	GlobalSection(TeamFoundationVersionControl) = preSolution
		SccNumberOfProjects = 2
		SccEnterpriseProvider = {4CA58AB2-18FA-4F8D-95D4-32DDF27D184C}
		SccTeamFoundationServer = https://daxil001.visualstudio.com/defaultcollection
		SccLocalPath0 = .
		SccProjectUniqueName1 = Collaboration_LLS\\Collaboration_LLS.csproj
		SccProjectName1 = Collaboration_LLS
		SccLocalPath1 = Collaboration_LLS
	EndGlobalSection
	GlobalSection(SolutionConfigurationPlatforms) = preSolution
		Debug|Any CPU = Debug|Any CPU
		Release|Any CPU = Release|Any CPU
	EndGlobalSection
	GlobalSection(ProjectConfigurationPlatforms) = postSolution
		{CE57797F-92F4-4A74-93B8-ED4989D42443}.Debug|Any CPU.ActiveCfg = Debug|Any CPU
		{CE57797F-92F4-4A74-93B8-ED4989D42443}.Debug|Any CPU.Build.0 = Debug|Any CPU
		{CE57797F-92F4-4A74-93B8-ED4989D42443}.Release|Any CPU.ActiveCfg = Release|Any CPU
		{CE57797F-92F4-4A74-93B8-ED4989D42443}.Release|Any CPU.Build.0 = Release|Any CPU
	EndGlobalSection
	GlobalSection(SolutionProperties) = preSolution
		HideSolutionNode = FALSE
	EndGlobalSection
EndGlobal
